
Microsoft Visual Studio Solution File, Format Version 12.00
# Visual Studio 14
VisualStudioVersion = 14.0.25420.1
MinimumVisualStudioVersion = 10.0.40219.1
Project("{FAE04EC0-301F-11D3-BF4B-00C04F79EFBC}") = "EmpPerfReview", "EmpPerfReview\EmpPerfReview.csproj", "{96229532-050D-4699-89B9-9E4644CA9759}"
EndProject
Project("{FAE04EC0-301F-11D3-BF4B-00C04F79EFBC}") = "EmpPerfReview.Common", "PerfReview.Common\EmpPerfReview.Common.csproj", "{2ABA63B4-66B5-4C7E-ACE8-FBA527671A69}"
EndProject
Global
	GlobalSection(SolutionConfigurationPlatforms) = preSolution
		Debug|Any CPU = Debug|Any CPU
		Release|Any CPU = Release|Any CPU
	EndGlobalSection
	GlobalSection(ProjectConfigurationPlatforms) = postSolution
		{96229532-050D-4699-89B9-9E4644CA9759}.Debug|Any CPU.ActiveCfg = Debug|Any CPU
		{96229532-050D-4699-89B9-9E4644CA9759}.Debug|Any CPU.Build.0 = Debug|Any CPU
		{96229532-050D-4699-89B9-9E4644CA9759}.Release|Any CPU.ActiveCfg = Release|Any CPU
		{96229532-050D-4699-89B9-9E4644CA9759}.Release|Any CPU.Build.0 = Release|Any CPU
		{2ABA63B4-66B5-4C7E-ACE8-FBA527671A69}.Debug|Any CPU.ActiveCfg = Debug|Any CPU
		{2ABA63B4-66B5-4C7E-ACE8-FBA527671A69}.Debug|Any CPU.Build.0 = Debug|Any CPU
		{2ABA63B4-66B5-4C7E-ACE8-FBA527671A69}.Release|Any CPU.ActiveCfg = Release|Any CPU
		{2ABA63B4-66B5-4C7E-ACE8-FBA527671A69}.Release|Any CPU.Build.0 = Release|Any CPU
	EndGlobalSection
	GlobalSection(SolutionProperties) = preSolution
		HideSolutionNode = FALSE
	EndGlobalSection
EndGlobal
